
Microsoft Visual Studio Solution File, Format Version 12.00
# Visual Studio Version 17
VisualStudioVersion = 17.5.33424.131
MinimumVisualStudioVersion = 10.0.40219.1
Project("{9A19103F-16F7-4668-BE54-9A1E7A4F7556}") = "Nomadicooer.Universal", "Nomadicooer.Universal\Nomadicooer.Universal.csproj", "{4F2094F0-E68A-4D80-A99B-BBBDC79E8459}"
EndProject
Project("{9A19103F-16F7-4668-BE54-9A1E7A4F7556}") = "Nomadicooer.Translator", "Nomadicooer.Translator\Nomadicooer.Translator.csproj", "{576B5568-5067-42B2-BEBD-6596BB311DE5}"
EndProject
Project("{9A19103F-16F7-4668-BE54-9A1E7A4F7556}") = "Nomadicooer.Tests", "Nomaidcooer.Tests\Nomadicooer.Tests.csproj", "{6B1E717B-0B5D-4354-9E2C-3BCD57BF3FB4}"
	ProjectSection(ProjectDependencies) = postProject
		{4F2094F0-E68A-4D80-A99B-BBBDC79E8459} = {4F2094F0-E68A-4D80-A99B-BBBDC79E8459}
		{576B5568-5067-42B2-BEBD-6596BB311DE5} = {576B5568-5067-42B2-BEBD-6596BB311DE5}
	EndProjectSection
EndProject
Global
	GlobalSection(SolutionConfigurationPlatforms) = preSolution
		Debug|Any CPU = Debug|Any CPU
		Release|Any CPU = Release|Any CPU
	EndGlobalSection
	GlobalSection(ProjectConfigurationPlatforms) = postSolution
		{4F2094F0-E68A-4D80-A99B-BBBDC79E8459}.Debug|Any CPU.ActiveCfg = Debug|Any CPU
		{4F2094F0-E68A-4D80-A99B-BBBDC79E8459}.Debug|Any CPU.Build.0 = Debug|Any CPU
		{4F2094F0-E68A-4D80-A99B-BBBDC79E8459}.Release|Any CPU.ActiveCfg = Release|Any CPU
		{4F2094F0-E68A-4D80-A99B-BBBDC79E8459}.Release|Any CPU.Build.0 = Release|Any CPU
		{576B5568-5067-42B2-BEBD-6596BB311DE5}.Debug|Any CPU.ActiveCfg = Debug|Any CPU
		{576B5568-5067-42B2-BEBD-6596BB311DE5}.Debug|Any CPU.Build.0 = Debug|Any CPU
		{576B5568-5067-42B2-BEBD-6596BB311DE5}.Release|Any CPU.ActiveCfg = Release|Any CPU
		{576B5568-5067-42B2-BEBD-6596BB311DE5}.Release|Any CPU.Build.0 = Release|Any CPU
		{6B1E717B-0B5D-4354-9E2C-3BCD57BF3FB4}.Debug|Any CPU.ActiveCfg = Debug|Any CPU
		{6B1E717B-0B5D-4354-9E2C-3BCD57BF3FB4}.Debug|Any CPU.Build.0 = Debug|Any CPU
		{6B1E717B-0B5D-4354-9E2C-3BCD57BF3FB4}.Release|Any CPU.ActiveCfg = Release|Any CPU
		{6B1E717B-0B5D-4354-9E2C-3BCD57BF3FB4}.Release|Any CPU.Build.0 = Release|Any CPU
	EndGlobalSection
	GlobalSection(SolutionProperties) = preSolution
		HideSolutionNode = FALSE
	EndGlobalSection
	GlobalSection(ExtensibilityGlobals) = postSolution
		SolutionGuid = {DCD52CA9-3696-434D-A225-4A14C6BFD969}
	EndGlobalSection
EndGlobal
